
Microsoft Visual Studio Solution File, Format Version 12.00
# Visual Studio 2012
Project("{FAE04EC0-301F-11D3-BF4B-00C04F79EFBC}") = "Skybrud.Umbraco.RssUtils", "Skybrud.Umbraco.RssUtils\Skybrud.Umbraco.RssUtils.csproj", "{DE3007B5-49BF-4898-B291-5C1D5FCB433D}"
EndProject
Global
	GlobalSection(SolutionConfigurationPlatforms) = preSolution
		Debug|Any CPU = Debug|Any CPU
		Release|Any CPU = Release|Any CPU
	EndGlobalSection
	GlobalSection(ProjectConfigurationPlatforms) = postSolution
		{DE3007B5-49BF-4898-B291-5C1D5FCB433D}.Debug|Any CPU.ActiveCfg = Debug|Any CPU
		{DE3007B5-49BF-4898-B291-5C1D5FCB433D}.Debug|Any CPU.Build.0 = Debug|Any CPU
		{DE3007B5-49BF-4898-B291-5C1D5FCB433D}.Release|Any CPU.ActiveCfg = Release|Any CPU
		{DE3007B5-49BF-4898-B291-5C1D5FCB433D}.Release|Any CPU.Build.0 = Release|Any CPU
	EndGlobalSection
	GlobalSection(SolutionProperties) = preSolution
		HideSolutionNode = FALSE
	EndGlobalSection
EndGlobal
